speakeasyVersion: 1.800.1
sources:
    Dokploy API:
        sourceNamespace: dokploy-api
        sourceRevisionDigest: sha256:ffaea27c55bdbf0c0ed96f5f2595bc4842658b5255826d8dcc138ba5a765e7e0
        sourceBlobDigest: sha256:23d3136771d4f37c17e2749269b6d69b4b41acde1d5a80fdee875febbf251ab5
        tags:
            - latest
            - 1.0.0
targets:
    dokploy:
        source: Dokploy API
        sourceNamespace: dokploy-api
        sourceRevisionDigest: sha256:3d4517a3dfb81e139fc097c6131f8270036e2396ea168aa0c8e14d964269dbe0
        sourceBlobDigest: sha256:e9a09bd4c3668899d5a7dcb0002cfa69fd53ba8e9664de8ab9dc028b03f1dbfb
        codeSamplesNamespace: dokploy-api-typescript-code-samples
        codeSamplesRevisionDigest: sha256:38db6d5c740941a93dd8ee823d99faa36b438e6a261e59e6c8109f129e2626ce
    typescript:
        source: Dokploy API
        sourceNamespace: dokploy-api
        sourceRevisionDigest: sha256:ffaea27c55bdbf0c0ed96f5f2595bc4842658b5255826d8dcc138ba5a765e7e0
        sourceBlobDigest: sha256:23d3136771d4f37c17e2749269b6d69b4b41acde1d5a80fdee875febbf251ab5
        codeSamplesNamespace: dokploy-api-typescript-code-samples
        codeSamplesRevisionDigest: sha256:74549219afe86cad171c3b7295bc56276b4d5fb335d63b499396490de0f2a548
workflow:
    workflowVersion: 1.0.0
    speakeasyVersion: latest
    sources:
        Dokploy API:
            inputs:
                - location: https://raw.githubusercontent.com/charliedevelops/dokploy-api/refs/heads/main/API.json
            overlays:
                - location: .speakeasy/speakeasy-modifications-overlay.yaml
            output: .speakeasy/out.openapi.yaml
            registry:
                location: registry.speakeasyapi.dev/polariselabs/dokploy/dokploy-api
    targets:
        typescript:
            target: typescript
            source: Dokploy API
            publish:
                npm:
                    token: $npm_token
            codeSamples:
                registry:
                    location: registry.speakeasyapi.dev/polariselabs/dokploy/dokploy-api-typescript-code-samples
                labelOverride:
                    fixedValue: Typescript (SDK)
                blocking: false
